
Microsoft Visual Studio Solution File, Format Version 12.00
# Visual Studio Version 17
VisualStudioVersion = 17.5.33530.505
MinimumVisualStudioVersion = 10.0.40219.1
Project("{FAE04EC0-301F-11D3-BF4B-00C04F79EFBC}") = "validção cpf]", "validção cpf]\validção cpf].csproj", "{B05AD550-0BE0-48EC-8A68-634B63CB1ACF}"
EndProject
Global
	GlobalSection(SolutionConfigurationPlatforms) = preSolution
		Debug|Any CPU = Debug|Any CPU
		Release|Any CPU = Release|Any CPU
	EndGlobalSection
	GlobalSection(ProjectConfigurationPlatforms) = postSolution
		{B05AD550-0BE0-48EC-8A68-634B63CB1ACF}.Debug|Any CPU.ActiveCfg = Debug|Any CPU
		{B05AD550-0BE0-48EC-8A68-634B63CB1ACF}.Debug|Any CPU.Build.0 = Debug|Any CPU
		{B05AD550-0BE0-48EC-8A68-634B63CB1ACF}.Release|Any CPU.ActiveCfg = Release|Any CPU
		{B05AD550-0BE0-48EC-8A68-634B63CB1ACF}.Release|Any CPU.Build.0 = Release|Any CPU
	EndGlobalSection
	GlobalSection(SolutionProperties) = preSolution
		HideSolutionNode = FALSE
	EndGlobalSection
	GlobalSection(ExtensibilityGlobals) = postSolution
		SolutionGuid = {9B08738C-6897-47C7-A68E-4975483495A8}
	EndGlobalSection
EndGlobal
