
Microsoft Visual Studio Solution File, Format Version 12.00
# Visual Studio Version 17
VisualStudioVersion = 17.5.33530.505
MinimumVisualStudioVersion = 10.0.40219.1
Project("{FAE04EC0-301F-11D3-BF4B-00C04F79EFBC}") = "AppCalculodeMedia", "AppCalculodeMedia\AppCalculodeMedia.csproj", "{AABFAADA-BA1E-4EDE-9D48-D2456AB46BB1}"
EndProject
Global
	GlobalSection(SolutionConfigurationPlatforms) = preSolution
		Debug|Any CPU = Debug|Any CPU
		Release|Any CPU = Release|Any CPU
	EndGlobalSection
	GlobalSection(ProjectConfigurationPlatforms) = postSolution
		{AABFAADA-BA1E-4EDE-9D48-D2456AB46BB1}.Debug|Any CPU.ActiveCfg = Debug|Any CPU
		{AABFAADA-BA1E-4EDE-9D48-D2456AB46BB1}.Debug|Any CPU.Build.0 = Debug|Any CPU
		{AABFAADA-BA1E-4EDE-9D48-D2456AB46BB1}.Release|Any CPU.ActiveCfg = Release|Any CPU
		{AABFAADA-BA1E-4EDE-9D48-D2456AB46BB1}.Release|Any CPU.Build.0 = Release|Any CPU
	EndGlobalSection
	GlobalSection(SolutionProperties) = preSolution
		HideSolutionNode = FALSE
	EndGlobalSection
	GlobalSection(ExtensibilityGlobals) = postSolution
		SolutionGuid = {8663A048-782A-412D-B943-653C2B933B3F}
	EndGlobalSection
EndGlobal
