
Microsoft Visual Studio Solution File, Format Version 12.00
# Visual Studio Version 17
VisualStudioVersion = 17.5.33530.505
MinimumVisualStudioVersion = 10.0.40219.1
Project("{FAE04EC0-301F-11D3-BF4B-00C04F79EFBC}") = "GeradordeCPF", "GeradordeCPF\GeradordeCPF.csproj", "{207C527E-6761-4043-98E8-89E12ACB7C23}"
EndProject
Global
	GlobalSection(SolutionConfigurationPlatforms) = preSolution
		Debug|Any CPU = Debug|Any CPU
		Release|Any CPU = Release|Any CPU
	EndGlobalSection
	GlobalSection(ProjectConfigurationPlatforms) = postSolution
		{207C527E-6761-4043-98E8-89E12ACB7C23}.Debug|Any CPU.ActiveCfg = Debug|Any CPU
		{207C527E-6761-4043-98E8-89E12ACB7C23}.Debug|Any CPU.Build.0 = Debug|Any CPU
		{207C527E-6761-4043-98E8-89E12ACB7C23}.Release|Any CPU.ActiveCfg = Release|Any CPU
		{207C527E-6761-4043-98E8-89E12ACB7C23}.Release|Any CPU.Build.0 = Release|Any CPU
	EndGlobalSection
	GlobalSection(SolutionProperties) = preSolution
		HideSolutionNode = FALSE
	EndGlobalSection
	GlobalSection(ExtensibilityGlobals) = postSolution
		SolutionGuid = {4E659C1F-1281-4C0E-9C8A-C0E5B8E84164}
	EndGlobalSection
EndGlobal
