
Microsoft Visual Studio Solution File, Format Version 12.00
# Visual Studio Version 17
VisualStudioVersion = 17.5.33530.505
MinimumVisualStudioVersion = 10.0.40219.1
Project("{FAE04EC0-301F-11D3-BF4B-00C04F79EFBC}") = "OrientacaoDoObjeto", "OrientacaoDoObjeto\OrientacaoDoObjeto.csproj", "{4D4C764A-3295-40D1-9595-01DD33A3BC75}"
EndProject
Global
	GlobalSection(SolutionConfigurationPlatforms) = preSolution
		Debug|Any CPU = Debug|Any CPU
		Release|Any CPU = Release|Any CPU
	EndGlobalSection
	GlobalSection(ProjectConfigurationPlatforms) = postSolution
		{4D4C764A-3295-40D1-9595-01DD33A3BC75}.Debug|Any CPU.ActiveCfg = Debug|Any CPU
		{4D4C764A-3295-40D1-9595-01DD33A3BC75}.Debug|Any CPU.Build.0 = Debug|Any CPU
		{4D4C764A-3295-40D1-9595-01DD33A3BC75}.Release|Any CPU.ActiveCfg = Release|Any CPU
		{4D4C764A-3295-40D1-9595-01DD33A3BC75}.Release|Any CPU.Build.0 = Release|Any CPU
	EndGlobalSection
	GlobalSection(SolutionProperties) = preSolution
		HideSolutionNode = FALSE
	EndGlobalSection
	GlobalSection(ExtensibilityGlobals) = postSolution
		SolutionGuid = {48D6F167-B267-4192-8822-4734440B140D}
	EndGlobalSection
EndGlobal
