
Microsoft Visual Studio Solution File, Format Version 12.00
# Visual Studio Version 17
VisualStudioVersion = 17.5.33530.505
MinimumVisualStudioVersion = 10.0.40219.1
Project("{FAE04EC0-301F-11D3-BF4B-00C04F79EFBC}") = "AlgoritimosDiversosC#", "AlgoritimosDiversosC#\AlgoritimosDiversosC#.csproj", "{4034D671-7DEF-45A5-B172-EE9E78BF27DE}"
EndProject
Global
	GlobalSection(SolutionConfigurationPlatforms) = preSolution
		Debug|Any CPU = Debug|Any CPU
		Release|Any CPU = Release|Any CPU
	EndGlobalSection
	GlobalSection(ProjectConfigurationPlatforms) = postSolution
		{4034D671-7DEF-45A5-B172-EE9E78BF27DE}.Debug|Any CPU.ActiveCfg = Debug|Any CPU
		{4034D671-7DEF-45A5-B172-EE9E78BF27DE}.Debug|Any CPU.Build.0 = Debug|Any CPU
		{4034D671-7DEF-45A5-B172-EE9E78BF27DE}.Release|Any CPU.ActiveCfg = Release|Any CPU
		{4034D671-7DEF-45A5-B172-EE9E78BF27DE}.Release|Any CPU.Build.0 = Release|Any CPU
	EndGlobalSection
	GlobalSection(SolutionProperties) = preSolution
		HideSolutionNode = FALSE
	EndGlobalSection
	GlobalSection(ExtensibilityGlobals) = postSolution
		SolutionGuid = {FEC3C041-3AB7-4817-B306-9884DA6AD344}
	EndGlobalSection
EndGlobal
